# THIS IS AN AUTOGENERATED FILE. DO NOT EDIT THIS FILE DIRECTLY.
# yarn lockfile v1


"@fullcalendar/common@~5.11.0":
  version "5.11.0"
  resolved "https://registry.yarnpkg.com/@fullcalendar/common/-/common-5.11.0.tgz#d7e47b4272ba6824f95581fb7fb630c5880f4212"
  integrity sha512-gWjbMAnN1u73Oqlgjbyky7i+3bY0hvFSnGT0YBPx44n874AkQa9e9OU12PMLTMOPy0tXPb8DEwRelFQ7CJNbcw==
  dependencies:
    tslib "^2.1.0"

"@fullcalendar/react@^5.11.0":
  version "5.11.0"
  resolved "https://registry.yarnpkg.com/@fullcalendar/react/-/react-5.11.0.tgz#175e8b204ccc3c8202395b4c38401e74db08e369"
  integrity sha512-DkMFQ94ZDi95A6+4g8k2jdVVMIEBCQBqWLNXSi8i39GNiNoadnl2FRn6t2BJBVQTYtI6JDOOLllP34LVmQJVOQ==
  dependencies:
    "@fullcalendar/common" "~5.11.0"
    tslib "^2.1.0"

tslib@^2.1.0:
  version "2.3.1"
  resolved "https://registry.yarnpkg.com/tslib/-/tslib-2.3.1.tgz#e8a335add5ceae51aa261d32a490158ef042ef01"
  integrity sha512-77EbyPPpMz+FRFRuAFlWMtmgUWGe9UOG2Z25NqCwiIjRhOf5iKGuzSe5P2w1laq+FkRy4p+PCuVkJSGkzTEKVw==
